
Microsoft Visual Studio Solution File, Format Version 12.00
# Visual Studio Version 17
VisualStudioVersion = 17.6.33829.357
MinimumVisualStudioVersion = 10.0.40219.1
Project("{FAE04EC0-301F-11D3-BF4B-00C04F79EFBC}") = "ConsoleApp3", "ConsoleApp3\ConsoleApp3.csproj", "{3FFBDEBC-15F9-4B96-B952-AE079C57356B}"
EndProject
Global
	GlobalSection(SolutionConfigurationPlatforms) = preSolution
		Debug|Any CPU = Debug|Any CPU
		Release|Any CPU = Release|Any CPU
	EndGlobalSection
	GlobalSection(ProjectConfigurationPlatforms) = postSolution
		{3FFBDEBC-15F9-4B96-B952-AE079C57356B}.Debug|Any CPU.ActiveCfg = Debug|Any CPU
		{3FFBDEBC-15F9-4B96-B952-AE079C57356B}.Debug|Any CPU.Build.0 = Debug|Any CPU
		{3FFBDEBC-15F9-4B96-B952-AE079C57356B}.Release|Any CPU.ActiveCfg = Release|Any CPU
		{3FFBDEBC-15F9-4B96-B952-AE079C57356B}.Release|Any CPU.Build.0 = Release|Any CPU
	EndGlobalSection
	GlobalSection(SolutionProperties) = preSolution
		HideSolutionNode = FALSE
	EndGlobalSection
	GlobalSection(ExtensibilityGlobals) = postSolution
		SolutionGuid = {C9D95D38-6778-4BD2-8D7E-C84C4D07B0DD}
	EndGlobalSection
EndGlobal
